// !$*UTF8*$!
{
	archiveVersion = 1;
	classes = {
	};
	objectVersion = 46;
	objects = {

/* Begin PBXBuildFile section */
		07C25E7520BF16CC001486D4 /* AppDelegate.swift in Sources */ = {isa = PBXBuildFile; fileRef = 07C25E7420BF16CC001486D4 /* AppDelegate.swift */; };
		07C25E7720BF16CC001486D4 /* ViewController.swift in Sources */ = {isa = PBXBuildFile; fileRef = 07C25E7620BF16CC001486D4 /* ViewController.swift */; };
		07C25E7A20BF16CC001486D4 /* Main.storyboard in Resources */ = {isa = PBXBuildFile; fileRef = 07C25E7820BF16CC001486D4 /* Main.storyboard */; };
		07C25E7C20BF16CC001486D4 /* Assets.xcassets in Resources */ = {isa = PBXBuildFile; fileRef = 07C25E7B20BF16CC001486D4 /* Assets.xcassets */; };
		07C25E7F20BF16CC001486D4 /* LaunchScreen.storyboard in Resources */ = {isa = PBXBuildFile; fileRef = 07C25E7D20BF16CC001486D4 /* LaunchScreen.storyboard */; };
/* End PBXBuildFile section */

/* Begin PBXFileReference section */
		07C25E7120BF16CC001486D4 /* Jane.app */ = {isa = PBXFileReference; explicitFileType = wrapper.application; includeInIndex = 0; path = Jane.app; sourceTree = BUILT_PRODUCTS_DIR; };
		07C25E7420BF16CC001486D4 /* AppDelegate.swift */ = {isa = PBXFileReference; lastKnownFileType = sourcecode.swift; path = AppDelegate.swift; sourceTree = "<group>"; };
		07C25E7620BF16CC001486D4 /* ViewController.swift */ = {isa = PBXFileReference; lastKnownFileType = sourcecode.swift; path = ViewController.swift; sourceTree = "<group>"; };
		07C25E7920BF16CC001486D4 /* Base */ = {isa = PBXFileReference; lastKnownFileType = file.storyboard; name = Base; path = Base.lproj/Main.storyboard; sourceTree = "<group>"; };
		07C25E7B20BF16CC001486D4 /* Assets.xcassets */ = {isa = PBXFileReference; lastKnownFileType = folder.assetcatalog; path = Assets.xcassets; sourceTree = "<group>"; };
		07C25E7E20BF16CC001486D4 /* Base */ = {isa = PBXFileReference; lastKnownFileType = file.storyboard; name = Base; path = Base.lproj/LaunchScreen.storyboard; sourceTree = "<group>"; };
		07C25E8020BF16CC001486D4 /* Info.plist */ = {isa = PBXFileReference; lastKnownFileType = text.plist.xml; path = Info.plist; sourceTree = "<group>"; };
/* End PBXFileReference section */

/* Begin PBXFrameworksBuildPhase section */
		07C25E6E20BF16CC001486D4 /* Frameworks */ = {
			isa = PBXFrameworksBuildPhase;
			buildActionMask = 2147483647;
			files = (
			);
			runOnlyForDeploymentPostprocessing = 0;
		};
/* End PBXFrameworksBuildPhase section */

/* Begin PBXGroup section */
		07C25E6820BF16CC001486D4 = {
			isa = PBXGroup;
			children = (
				07C25E7320BF16CC001486D4 /* Jane */,
				07C25E7220BF16CC001486D4 /* Products */,
			);
			sourceTree = "<group>";
		};
		07C25E7220BF16CC001486D4 /* Products */ = {
			isa = PBXGroup;
			children = (
				07C25E7120BF16CC001486D4 /* Jane.app */,
			);
			name = Products;
			sourceTree = "<group>";
		};
		07C25E7320BF16CC001486D4 /* Jane */ = {
			isa = PBXGroup;
			children = (
				07C25E7420BF16CC001486D4 /* AppDelegate.swift */,
				07C25E7620BF16CC001486D4 /* ViewController.swift */,
				07C25E7820BF16CC001486D4 /* Main.storyboard */,
				07C25E7B20BF16CC001486D4 /* Assets.xcassets */,
				07C25E7D20BF16CC001486D4 /* LaunchScreen.storyboard */,
				07C25E8020BF16CC001486D4 /* Info.plist */,
			);
			path = Jane;
			sourceTree = "<group>";
		};
/* End PBXGroup section */

/* Begin PBXNativeTarget section */
		07C25E7020BF16CC001486D4 /* Jane */ = {
			isa = PBXNativeTarget;
			buildConfigurationList = 07C25E8320BF16CC001486D4 /* Build configuration list for PBXNativeTarget "Jane" */;
			buildPhases = (
				07C25E6D20BF16CC001486D4 /* Sources */,
				07C25E6E20BF16CC001486D4 /* Frameworks */,
				07C25E6F20BF16CC001486D4 /* Resources */,
			);
			buildRules = (
			);
			dependencies = (
			);
			name = Jane;
			productName = Jane;
			productReference = 07C25E7120BF16CC001486D4 /* Jane.app */;
			productType = "com.apple.product-type.application";
		};
/* End PBXNativeTarget section */

/* Begin PBXProject section */
		07C25E6920BF16CC001486D4 /* Project object */ = {
			isa = PBXProject;
			attributes = {
				LastSwiftUpdateCheck = 0830;
				LastUpgradeCheck = 0830;
				ORGANIZATIONNAME = Nikunj;
				TargetAttributes = {
					07C25E7020BF16CC001486D4 = {
						CreatedOnToolsVersion = 8.3.3;
						ProvisioningStyle = Automatic;
					};
				};
			};
			buildConfigurationList = 07C25E6C20BF16CC001486D4 /* Build configuration list for PBXProject "Jane" */;
			compatibilityVersion = "Xcode 3.2";
			developmentRegion = English;
			hasScannedForEncodings = 0;
			knownRegions = (
				en,
				Base,
			);
			mainGroup = 07C25E6820BF16CC001486D4;
			productRefGroup = 07C25E7220BF16CC001486D4 /* Products */;
			projectDirPath = "";
			projectRoot = "";
			targets = (
				07C25E7020BF16CC001486D4 /* Jane */,
			);
		};
/* End PBXProject section */

/* Begin PBXResourcesBuildPhase section */
		07C25E6F20BF16CC001486D4 /* Resources */ = {
			isa = PBXResourcesBuildPhase;
			buildActionMask = 2147483647;
			files = (
				07C25E7F20BF16CC001486D4 /* LaunchScreen.storyboard in Resources */,
				07C25E7C20BF16CC001486D4 /* Assets.xcassets in Resources */,
				07C25E7A20BF16CC001486D4 /* Main.storyboard in Resources */,
			);
			runOnlyForDeploymentPostprocessing = 0;
		};
/* End PBXResourcesBuildPhase section */

/* Begin PBXSourcesBuildPhase section */
		07C25E6D20BF16CC001486D4 /* Sources */ = {
			isa = PBXSourcesBuildPhase;
			buildActionMask = 2147483647;
			files = (
				07C25E7720BF16CC001486D4 /* ViewController.swift in Sources */,
				07C25E7520BF16CC001486D4 /* AppDelegate.swift in Sources */,
			);
			runOnlyForDeploymentPostprocessing = 0;
		};
/* End PBXSourcesBuildPhase section */

/* Begin PBXVariantGroup section */
		07C25E7820BF16CC001486D4 /* Main.storyboard */ = {
			isa = PBXVariantGroup;
			children = (
				07C25E7920BF16CC001486D4 /* Base */,
			);
			name = Main.storyboard;
			sourceTree = "<group>";
		};
		07C25E7D20BF16CC001486D4 /* LaunchScreen.storyboard */ = {
			isa = PBXVariantGroup;
			children = (
				07C25E7E20BF16CC001486D4 /* Base */,
			);
			name = LaunchScreen.storyboard;
			sourceTree = "<group>";
		};
/* End PBXVariantGroup section */

/* Begin XCBuildConfiguration section */
		07C25E8120BF16CC001486D4 /* Debug */ = {
			isa = XCBuildConfiguration;
			buildSettings = {
				ALWAYS_SEARCH_USER_PATHS = NO;
				CLANG_ANALYZER_NONNULL = YES;
				CLANG_ANALYZER_NUMBER_OBJECT_CONVERSION = YES_AGGRESSIVE;
				CLANG_CXX_LANGUAGE_STANDARD = "gnu++0x";
				CLANG_CXX_LIBRARY = "libc++";
				CLANG_ENABLE_MODULES = YES;
				CLANG_ENABLE_OBJC_ARC = YES;
				CLANG_WARN_BOOL_CONVERSION = YES;
				CLANG_WARN_CONSTANT_CONVERSION = YES;
				CLANG_WARN_DIRECT_OBJC_ISA_USAGE = YES_ERROR;
				CLANG_WARN_DOCUMENTATION_COMMENTS = YES;
				CLANG_WARN_EMPTY_BODY = YES;
				CLANG_WARN_ENUM_CONVERSION = YES;
				CLANG_WARN_INFINITE_RECURSION = YES;
				CLANG_WARN_INT_CONVERSION = YES;
				CLANG_WARN_OBJC_ROOT_CLASS = YES_ERROR;
				CLANG_WARN_SUSPICIOUS_MOVE = YES;
				CLANG_WARN_UNREACHABLE_CODE = YES;
				CLANG_WARN__DUPLICATE_METHOD_MATCH = YES;
				"CODE_SIGN_IDENTITY[sdk=iphoneos*]" = "iPhone Developer";
				COPY_PHASE_STRIP = NO;
				DEBUG_INFORMATION_FORMAT = dwarf;
				ENABLE_STRICT_OBJC_MSGSEND = YES;
				ENABLE_TESTABILITY = YES;
				GCC_C_LANGUAGE_STANDARD = gnu99;
				GCC_DYNAMIC_NO_PIC = NO;
				GCC_NO_COMMON_BLOCKS = YES;
				GCC_OPTIMIZATION_LEVEL = 0;
				GCC_PREPROCESSOR_DEFINITIONS = (
					"DEBUG=1",
					"$(inherited)",
				);
				GCC_WARN_64_TO_32_BIT_CONVERSION = YES;
				GCC_WARN_ABOUT_RETURN_TYPE = YES_ERROR;
				GCC_WARN_UNDECLARED_SELECTOR = YES;
				GCC_WARN_UNINITIALIZED_AUTOS = YES_AGGRESSIVE;
				GCC_WARN_UNUSED_FUNCTION = YES;
				GCC_WARN_UNUSED_VARIABLE = YES;
				IPHONEOS_DEPLOYMENT_TARGET = 10.3;
				MTL_ENABLE_DEBUG_INFO = YES;
				ONLY_ACTIVE_ARCH = YES;
				SDKROOT = iphoneos;
				SWIFT_ACTIVE_COMPILATION_CONDITIONS = DEBUG;
				SWIFT_OPTIMIZATION_LEVEL = "-Onone";
			};
			name = Debug;
		};
		07C25E8220BF16CC001486D4 /* Release */ = {
			isa = XCBuildConfiguration;
			buildSettings = {
				ALWAYS_SEARCH_USER_PATHS = NO;
				CLANG_ANALYZER_NONNULL = YES;
				CLANG_ANALYZER_NUMBER_OBJECT_CONVERSION = YES_AGGRESSIVE;
				CLANG_CXX_LANGUAGE_STANDARD = "gnu++0x";
				CLANG_CXX_LIBRARY = "libc++";
				CLANG_ENABLE_MODULES = YES;
				CLANG_ENABLE_OBJC_ARC = YES;
				CLANG_WARN_BOOL_CONVERSION = YES;
				CLANG_WARN_CONSTANT_CONVERSION = YES;
				CLANG_WARN_DIRECT_OBJC_ISA_USAGE = YES_ERROR;
				CLANG_WARN_DOCUMENTATION_COMMENTS = YES;
				CLANG_WARN_EMPTY_BODY = YES;
				CLANG_WARN_ENUM_CONVERSION = YES;
				CLANG_WARN_INFINITE_RECURSION = YES;
				CLANG_WARN_INT_CONVERSION = YES;
				CLANG_WARN_OBJC_ROOT_CLASS = YES_ERROR;
				CLANG_WARN_SUSPICIOUS_MOVE = YES;
				CLANG_WARN_UNREACHABLE_CODE = YES;
				CLANG_WARN__DUPLICATE_METHOD_MATCH = YES;
				"CODE_SIGN_IDENTITY[sdk=iphoneos*]" = "iPhone Developer";
				COPY_PHASE_STRIP = NO;
				DEBUG_INFORMATION_FORMAT = "dwarf-with-dsym";
				ENABLE_NS_ASSERTIONS = NO;
				ENABLE_STRICT_OBJC_MSGSEND = YES;
				GCC_C_LANGUAGE_STANDARD = gnu99;
				GCC_NO_COMMON_BLOCKS = YES;
				GCC_WARN_64_TO_32_BIT_CONVERSION = YES;
				GCC_WARN_ABOUT_RETURN_TYPE = YES_ERROR;
				GCC_WARN_UNDECLARED_SELECTOR = YES;
				GCC_WARN_UNINITIALIZED_AUTOS = YES_AGGRESSIVE;
				GCC_WARN_UNUSED_FUNCTION = YES;
				GCC_WARN_UNUSED_VARIABLE = YES;
				IPHONEOS_DEPLOYMENT_TARGET = 10.3;
				MTL_ENABLE_DEBUG_INFO = NO;
				SDKROOT = iphoneos;
				SWIFT_OPTIMIZATION_LEVEL = "-Owholemodule";
				VALIDATE_PRODUCT = YES;
			};
			name = Release;
		};
		07C25E8420BF16CC001486D4 /* Debug */ = {
			isa = XCBuildConfiguration;
			buildSettings = {
				ASSETCATALOG_COMPILER_APPICON_NAME = AppIcon;
				INFOPLIST_FILE = Jane/Info.plist;
				LD_RUNPATH_SEARCH_PATHS = "$(inherited) @executable_path/Frameworks";
				PRODUCT_BUNDLE_IDENTIFIER = com.nikunj.Jane;
				PRODUCT_NAME = "$(TARGET_NAME)";
				SWIFT_VERSION = 3.0;
			};
			name = Debug;
		};
		07C25E8520BF16CC001486D4 /* Release */ = {
			isa = XCBuildConfiguration;
			buildSettings = {
				ASSETCATALOG_COMPILER_APPICON_NAME = AppIcon;
				INFOPLIST_FILE = Jane/Info.plist;
				LD_RUNPATH_SEARCH_PATHS = "$(inherited) @executable_path/Frameworks";
				PRODUCT_BUNDLE_IDENTIFIER = com.nikunj.Jane;
				PRODUCT_NAME = "$(TARGET_NAME)";
				SWIFT_VERSION = 3.0;
			};
			name = Release;
		};
/* End XCBuildConfiguration section */

/* Begin XCConfigurationList section */
		07C25E6C20BF16CC001486D4 /* Build configuration list for PBXProject "Jane" */ = {
			isa = XCConfigurationList;
			buildConfigurations = (
				07C25E8120BF16CC001486D4 /* Debug */,
				07C25E8220BF16CC001486D4 /* Release */,
			);
			defaultConfigurationIsVisible = 0;
			defaultConfigurationName = Release;
		};
		07C25E8320BF16CC001486D4 /* Build configuration list for PBXNativeTarget "Jane" */ = {
			isa = XCConfigurationList;
			buildConfigurations = (
				07C25E8420BF16CC001486D4 /* Debug */,
				07C25E8520BF16CC001486D4 /* Release */,
			);
			defaultConfigurationIsVisible = 0;
		};
/* End XCConfigurationList section */
	};
	rootObject = 07C25E6920BF16CC001486D4 /* Project object */;
}
